
Microsoft Visual Studio Solution File, Format Version 12.00
# Visual Studio Version 17
VisualStudioVersion = 17.14.36414.22 d17.14
MinimumVisualStudioVersion = 10.0.40219.1
Project("{FAE04EC0-301F-11D3-BF4B-00C04F79EFBC}") = "RubyApp", "RubyApp.csproj", "{C9C7DF22-3675-4419-A5F5-1A40E3608CE8}"
EndProject
Global
	GlobalSection(SolutionConfigurationPlatforms) = preSolution
		Debug|Any CPU = Debug|Any CPU
		Release|Any CPU = Release|Any CPU
	EndGlobalSection
	GlobalSection(ProjectConfigurationPlatforms) = postSolution
		{C9C7DF22-3675-4419-A5F5-1A40E3608CE8}.Debug|Any CPU.ActiveCfg = Debug|Any CPU
		{C9C7DF22-3675-4419-A5F5-1A40E3608CE8}.Debug|Any CPU.Build.0 = Debug|Any CPU
		{C9C7DF22-3675-4419-A5F5-1A40E3608CE8}.Release|Any CPU.ActiveCfg = Release|Any CPU
		{C9C7DF22-3675-4419-A5F5-1A40E3608CE8}.Release|Any CPU.Build.0 = Release|Any CPU
	EndGlobalSection
	GlobalSection(SolutionProperties) = preSolution
		HideSolutionNode = FALSE
	EndGlobalSection
	GlobalSection(ExtensibilityGlobals) = postSolution
		SolutionGuid = {CD0BDB7F-3D0E-4092-B64F-C2AA4393D50A}
	EndGlobalSection
EndGlobal
